// !$*UTF8*$!
{
	archiveVersion = 1;
	classes = {
	};
	objectVersion = 46;
	objects = {

/* Begin PBXBuildFile section */
		30BEA75F184559FF001D2998 /* Foundation.framework in Frameworks */ = {isa = PBXBuildFile; fileRef = 30BEA75E184559FF001D2998 /* Foundation.framework */; };
		30BEA761184559FF001D2998 /* CoreGraphics.framework in Frameworks */ = {isa = PBXBuildFile; fileRef = 30BEA760184559FF001D2998 /* CoreGraphics.framework */; };
		30BEA763184559FF001D2998 /* UIKit.framework in Frameworks */ = {isa = PBXBuildFile; fileRef = 30BEA762184559FF001D2998 /* UIKit.framework */; };
		30BEA769184559FF001D2998 /* InfoPlist.strings in Resources */ = {isa = PBXBuildFile; fileRef = 30BEA767184559FF001D2998 /* InfoPlist.strings */; };
		30BEA76B184559FF001D2998 /* main.m in Sources */ = {isa = PBXBuildFile; fileRef = 30BEA76A184559FF001D2998 /* main.m */; };
		30BEA76F184559FF001D2998 /* RMAppDelegate.m in Sources */ = {isa = PBXBuildFile; fileRef = 30BEA76E184559FF001D2998 /* RMAppDelegate.m */; };
		30BEA771184559FF001D2998 /* Images.xcassets in Resources */ = {isa = PBXBuildFile; fileRef = 30BEA770184559FF001D2998 /* Images.xcassets */; };
		30BEA778184559FF001D2998 /* XCTest.framework in Frameworks */ = {isa = PBXBuildFile; fileRef = 30BEA777184559FF001D2998 /* XCTest.framework */; };
		30BEA779184559FF001D2998 /* Foundation.framework in Frameworks */ = {isa = PBXBuildFile; fileRef = 30BEA75E184559FF001D2998 /* Foundation.framework */; };
		30BEA77A184559FF001D2998 /* UIKit.framework in Frameworks */ = {isa = PBXBuildFile; fileRef = 30BEA762184559FF001D2998 /* UIKit.framework */; };
		30BEA782184559FF001D2998 /* InfoPlist.strings in Resources */ = {isa = PBXBuildFile; fileRef = 30BEA780184559FF001D2998 /* InfoPlist.strings */; };
		30BEA784184559FF001D2998 /* BeatWordsTests.m in Sources */ = {isa = PBXBuildFile; fileRef = 30BEA783184559FF001D2998 /* BeatWordsTests.m */; };
		30BEA78E18455F29001D2998 /* schedule.rtf in Resources */ = {isa = PBXBuildFile; fileRef = 30BEA78D18455F29001D2998 /* schedule.rtf */; };
/* End PBXBuildFile section */

/* Begin PBXContainerItemProxy section */
		30BEA77B184559FF001D2998 /* PBXContainerItemProxy */ = {
			isa = PBXContainerItemProxy;
			containerPortal = 30BEA753184559FF001D2998 /* Project object */;
			proxyType = 1;
			remoteGlobalIDString = 30BEA75A184559FF001D2998;
			remoteInfo = BeatWords;
		};
/* End PBXContainerItemProxy section */

/* Begin PBXFileReference section */
		30BEA75B184559FF001D2998 /* BeatWords.app */ = {isa = PBXFileReference; explicitFileType = wrapper.application; includeInIndex = 0; path = BeatWords.app; sourceTree = BUILT_PRODUCTS_DIR; };
		30BEA75E184559FF001D2998 /* Foundation.framework */ = {isa = PBXFileReference; lastKnownFileType = wrapper.framework; name = Foundation.framework; path = System/Library/Frameworks/Foundation.framework; sourceTree = SDKROOT; };
		30BEA760184559FF001D2998 /* CoreGraphics.framework */ = {isa = PBXFileReference; lastKnownFileType = wrapper.framework; name = CoreGraphics.framework; path = System/Library/Frameworks/CoreGraphics.framework; sourceTree = SDKROOT; };
		30BEA762184559FF001D2998 /* UIKit.framework */ = {isa = PBXFileReference; lastKnownFileType = wrapper.framework; name = UIKit.framework; path = System/Library/Frameworks/UIKit.framework; sourceTree = SDKROOT; };
		30BEA766184559FF001D2998 /* BeatWords-Info.plist */ = {isa = PBXFileReference; lastKnownFileType = text.plist.xml; path = "BeatWords-Info.plist"; sourceTree = "<group>"; };
		30BEA768184559FF001D2998 /* en */ = {isa = PBXFileReference; lastKnownFileType = text.plist.strings; name = en; path = en.lproj/InfoPlist.strings; sourceTree = "<group>"; };
		30BEA76A184559FF001D2998 /* main.m */ = {isa = PBXFileReference; lastKnownFileType = sourcecode.c.objc; path = main.m; sourceTree = "<group>"; };
		30BEA76C184559FF001D2998 /* BeatWords-Prefix.pch */ = {isa = PBXFileReference; lastKnownFileType = sourcecode.c.h; path = "BeatWords-Prefix.pch"; sourceTree = "<group>"; };
		30BEA76D184559FF001D2998 /* RMAppDelegate.h */ = {isa = PBXFileReference; lastKnownFileType = sourcecode.c.h; path = RMAppDelegate.h; sourceTree = "<group>"; };
		30BEA76E184559FF001D2998 /* RMAppDelegate.m */ = {isa = PBXFileReference; lastKnownFileType = sourcecode.c.objc; path = RMAppDelegate.m; sourceTree = "<group>"; };
		30BEA770184559FF001D2998 /* Images.xcassets */ = {isa = PBXFileReference; lastKnownFileType = folder.assetcatalog; path = Images.xcassets; sourceTree = "<group>"; };
		30BEA776184559FF001D2998 /* BeatWordsTests.xctest */ = {isa = PBXFileReference; explicitFileType = wrapper.cfbundle; includeInIndex = 0; path = BeatWordsTests.xctest; sourceTree = BUILT_PRODUCTS_DIR; };
		30BEA777184559FF001D2998 /* XCTest.framework */ = {isa = PBXFileReference; lastKnownFileType = wrapper.framework; name = XCTest.framework; path = Library/Frameworks/XCTest.framework; sourceTree = DEVELOPER_DIR; };
		30BEA77F184559FF001D2998 /* BeatWordsTests-Info.plist */ = {isa = PBXFileReference; lastKnownFileType = text.plist.xml; path = "BeatWordsTests-Info.plist"; sourceTree = "<group>"; };
		30BEA781184559FF001D2998 /* en */ = {isa = PBXFileReference; lastKnownFileType = text.plist.strings; name = en; path = en.lproj/InfoPlist.strings; sourceTree = "<group>"; };
		30BEA783184559FF001D2998 /* BeatWordsTests.m */ = {isa = PBXFileReference; lastKnownFileType = sourcecode.c.objc; path = BeatWordsTests.m; sourceTree = "<group>"; };
		30BEA78D18455F29001D2998 /* schedule.rtf */ = {isa = PBXFileReference; fileEncoding = 4; lastKnownFileType = text.rtf; path = schedule.rtf; sourceTree = "<group>"; };
/* End PBXFileReference section */

/* Begin PBXFrameworksBuildPhase section */
		30BEA758184559FF001D2998 /* Frameworks */ = {
			isa = PBXFrameworksBuildPhase;
			buildActionMask = 2147483647;
			files = (
				30BEA761184559FF001D2998 /* CoreGraphics.framework in Frameworks */,
				30BEA763184559FF001D2998 /* UIKit.framework in Frameworks */,
				30BEA75F184559FF001D2998 /* Foundation.framework in Frameworks */,
			);
			runOnlyForDeploymentPostprocessing = 0;
		};
		30BEA773184559FF001D2998 /* Frameworks */ = {
			isa = PBXFrameworksBuildPhase;
			buildActionMask = 2147483647;
			files = (
				30BEA778184559FF001D2998 /* XCTest.framework in Frameworks */,
				30BEA77A184559FF001D2998 /* UIKit.framework in Frameworks */,
				30BEA779184559FF001D2998 /* Foundation.framework in Frameworks */,
			);
			runOnlyForDeploymentPostprocessing = 0;
		};
/* End PBXFrameworksBuildPhase section */

/* Begin PBXGroup section */
		30BEA752184559FF001D2998 = {
			isa = PBXGroup;
			children = (
				30BEA764184559FF001D2998 /* BeatWords */,
				30BEA77D184559FF001D2998 /* BeatWordsTests */,
				30BEA75D184559FF001D2998 /* Frameworks */,
				30BEA75C184559FF001D2998 /* Products */,
			);
			sourceTree = "<group>";
		};
		30BEA75C184559FF001D2998 /* Products */ = {
			isa = PBXGroup;
			children = (
				30BEA75B184559FF001D2998 /* BeatWords.app */,
				30BEA776184559FF001D2998 /* BeatWordsTests.xctest */,
			);
			name = Products;
			sourceTree = "<group>";
		};
		30BEA75D184559FF001D2998 /* Frameworks */ = {
			isa = PBXGroup;
			children = (
				30BEA75E184559FF001D2998 /* Foundation.framework */,
				30BEA760184559FF001D2998 /* CoreGraphics.framework */,
				30BEA762184559FF001D2998 /* UIKit.framework */,
				30BEA777184559FF001D2998 /* XCTest.framework */,
			);
			name = Frameworks;
			sourceTree = "<group>";
		};
		30BEA764184559FF001D2998 /* BeatWords */ = {
			isa = PBXGroup;
			children = (
				30BEA76D184559FF001D2998 /* RMAppDelegate.h */,
				30BEA76E184559FF001D2998 /* RMAppDelegate.m */,
				30BEA770184559FF001D2998 /* Images.xcassets */,
				30BEA765184559FF001D2998 /* Supporting Files */,
			);
			path = BeatWords;
			sourceTree = "<group>";
		};
		30BEA765184559FF001D2998 /* Supporting Files */ = {
			isa = PBXGroup;
			children = (
				30BEA766184559FF001D2998 /* BeatWords-Info.plist */,
				30BEA767184559FF001D2998 /* InfoPlist.strings */,
				30BEA76A184559FF001D2998 /* main.m */,
				30BEA76C184559FF001D2998 /* BeatWords-Prefix.pch */,
				30BEA78D18455F29001D2998 /* schedule.rtf */,
			);
			name = "Supporting Files";
			sourceTree = "<group>";
		};
		30BEA77D184559FF001D2998 /* BeatWordsTests */ = {
			isa = PBXGroup;
			children = (
				30BEA783184559FF001D2998 /* BeatWordsTests.m */,
				30BEA77E184559FF001D2998 /* Supporting Files */,
			);
			path = BeatWordsTests;
			sourceTree = "<group>";
		};
		30BEA77E184559FF001D2998 /* Supporting Files */ = {
			isa = PBXGroup;
			children = (
				30BEA77F184559FF001D2998 /* BeatWordsTests-Info.plist */,
				30BEA780184559FF001D2998 /* InfoPlist.strings */,
			);
			name = "Supporting Files";
			sourceTree = "<group>";
		};
/* End PBXGroup section */

/* Begin PBXNativeTarget section */
		30BEA75A184559FF001D2998 /* BeatWords */ = {
			isa = PBXNativeTarget;
			buildConfigurationList = 30BEA787184559FF001D2998 /* Build configuration list for PBXNativeTarget "BeatWords" */;
			buildPhases = (
				30BEA757184559FF001D2998 /* Sources */,
				30BEA758184559FF001D2998 /* Frameworks */,
				30BEA759184559FF001D2998 /* Resources */,
			);
			buildRules = (
			);
			dependencies = (
			);
			name = BeatWords;
			productName = BeatWords;
			productReference = 30BEA75B184559FF001D2998 /* BeatWords.app */;
			productType = "com.apple.product-type.application";
		};
		30BEA775184559FF001D2998 /* BeatWordsTests */ = {
			isa = PBXNativeTarget;
			buildConfigurationList = 30BEA78A184559FF001D2998 /* Build configuration list for PBXNativeTarget "BeatWordsTests" */;
			buildPhases = (
				30BEA772184559FF001D2998 /* Sources */,
				30BEA773184559FF001D2998 /* Frameworks */,
				30BEA774184559FF001D2998 /* Resources */,
			);
			buildRules = (
			);
			dependencies = (
				30BEA77C184559FF001D2998 /* PBXTargetDependency */,
			);
			name = BeatWordsTests;
			productName = BeatWordsTests;
			productReference = 30BEA776184559FF001D2998 /* BeatWordsTests.xctest */;
			productType = "com.apple.product-type.bundle.unit-test";
		};
/* End PBXNativeTarget section */

/* Begin PBXProject section */
		30BEA753184559FF001D2998 /* Project object */ = {
			isa = PBXProject;
			attributes = {
				CLASSPREFIX = RM;
				LastUpgradeCheck = 0500;
				ORGANIZATIONNAME = iDreems;
				TargetAttributes = {
					30BEA775184559FF001D2998 = {
						TestTargetID = 30BEA75A184559FF001D2998;
					};
				};
			};
			buildConfigurationList = 30BEA756184559FF001D2998 /* Build configuration list for PBXProject "BeatWords" */;
			compatibilityVersion = "Xcode 3.2";
			developmentRegion = English;
			hasScannedForEncodings = 0;
			knownRegions = (
				en,
			);
			mainGroup = 30BEA752184559FF001D2998;
			productRefGroup = 30BEA75C184559FF001D2998 /* Products */;
			projectDirPath = "";
			projectRoot = "";
			targets = (
				30BEA75A184559FF001D2998 /* BeatWords */,
				30BEA775184559FF001D2998 /* BeatWordsTests */,
			);
		};
/* End PBXProject section */

/* Begin PBXResourcesBuildPhase section */
		30BEA759184559FF001D2998 /* Resources */ = {
			isa = PBXResourcesBuildPhase;
			buildActionMask = 2147483647;
			files = (
				30BEA78E18455F29001D2998 /* schedule.rtf in Resources */,
				30BEA769184559FF001D2998 /* InfoPlist.strings in Resources */,
				30BEA771184559FF001D2998 /* Images.xcassets in Resources */,
			);
			runOnlyForDeploymentPostprocessing = 0;
		};
		30BEA774184559FF001D2998 /* Resources */ = {
			isa = PBXResourcesBuildPhase;
			buildActionMask = 2147483647;
			files = (
				30BEA782184559FF001D2998 /* InfoPlist.strings in Resources */,
			);
			runOnlyForDeploymentPostprocessing = 0;
		};
/* End PBXResourcesBuildPhase section */

/* Begin PBXSourcesBuildPhase section */
		30BEA757184559FF001D2998 /* Sources */ = {
			isa = PBXSourcesBuildPhase;
			buildActionMask = 2147483647;
			files = (
				30BEA76B184559FF001D2998 /* main.m in Sources */,
				30BEA76F184559FF001D2998 /* RMAppDelegate.m in Sources */,
			);
			runOnlyForDeploymentPostprocessing = 0;
		};
		30BEA772184559FF001D2998 /* Sources */ = {
			isa = PBXSourcesBuildPhase;
			buildActionMask = 2147483647;
			files = (
				30BEA784184559FF001D2998 /* BeatWordsTests.m in Sources */,
			);
			runOnlyForDeploymentPostprocessing = 0;
		};
/* End PBXSourcesBuildPhase section */

/* Begin PBXTargetDependency section */
		30BEA77C184559FF001D2998 /* PBXTargetDependency */ = {
			isa = PBXTargetDependency;
			target = 30BEA75A184559FF001D2998 /* BeatWords */;
			targetProxy = 30BEA77B184559FF001D2998 /* PBXContainerItemProxy */;
		};
/* End PBXTargetDependency section */

/* Begin PBXVariantGroup section */
		30BEA767184559FF001D2998 /* InfoPlist.strings */ = {
			isa = PBXVariantGroup;
			children = (
				30BEA768184559FF001D2998 /* en */,
			);
			name = InfoPlist.strings;
			sourceTree = "<group>";
		};
		30BEA780184559FF001D2998 /* InfoPlist.strings */ = {
			isa = PBXVariantGroup;
			children = (
				30BEA781184559FF001D2998 /* en */,
			);
			name = InfoPlist.strings;
			sourceTree = "<group>";
		};
/* End PBXVariantGroup section */

/* Begin XCBuildConfiguration section */
		30BEA785184559FF001D2998 /* Debug */ = {
			isa = XCBuildConfiguration;
			buildSettings = {
				ALWAYS_SEARCH_USER_PATHS = NO;
				ARCHS = "$(ARCHS_STANDARD_INCLUDING_64_BIT)";
				CLANG_CXX_LANGUAGE_STANDARD = "gnu++0x";
				CLANG_CXX_LIBRARY = "libc++";
				CLANG_ENABLE_MODULES = YES;
				CLANG_ENABLE_OBJC_ARC = YES;
				CLANG_WARN_BOOL_CONVERSION = YES;
				CLANG_WARN_CONSTANT_CONVERSION = YES;
				CLANG_WARN_DIRECT_OBJC_ISA_USAGE = YES_ERROR;
				CLANG_WARN_EMPTY_BODY = YES;
				CLANG_WARN_ENUM_CONVERSION = YES;
				CLANG_WARN_INT_CONVERSION = YES;
				CLANG_WARN_OBJC_ROOT_CLASS = YES_ERROR;
				CLANG_WARN__DUPLICATE_METHOD_MATCH = YES;
				"CODE_SIGN_IDENTITY[sdk=iphoneos*]" = "iPhone Developer";
				COPY_PHASE_STRIP = NO;
				GCC_C_LANGUAGE_STANDARD = gnu99;
				GCC_DYNAMIC_NO_PIC = NO;
				GCC_OPTIMIZATION_LEVEL = 0;
				GCC_PREPROCESSOR_DEFINITIONS = (
					"DEBUG=1",
					"$(inherited)",
				);
				GCC_SYMBOLS_PRIVATE_EXTERN = NO;
				GCC_WARN_64_TO_32_BIT_CONVERSION = YES;
				GCC_WARN_ABOUT_RETURN_TYPE = YES_ERROR;
				GCC_WARN_UNDECLARED_SELECTOR = YES;
				GCC_WARN_UNINITIALIZED_AUTOS = YES;
				GCC_WARN_UNUSED_FUNCTION = YES;
				GCC_WARN_UNUSED_VARIABLE = YES;
				IPHONEOS_DEPLOYMENT_TARGET = 7.0;
				ONLY_ACTIVE_ARCH = YES;
				SDKROOT = iphoneos;
				TARGETED_DEVICE_FAMILY = "1,2";
			};
			name = Debug;
		};
		30BEA786184559FF001D2998 /* Release */ = {
			isa = XCBuildConfiguration;
			buildSettings = {
				ALWAYS_SEARCH_USER_PATHS = NO;
				ARCHS = "$(ARCHS_STANDARD_INCLUDING_64_BIT)";
				CLANG_CXX_LANGUAGE_STANDARD = "gnu++0x";
				CLANG_CXX_LIBRARY = "libc++";
				CLANG_ENABLE_MODULES = YES;
				CLANG_ENABLE_OBJC_ARC = YES;
				CLANG_WARN_BOOL_CONVERSION = YES;
				CLANG_WARN_CONSTANT_CONVERSION = YES;
				CLANG_WARN_DIRECT_OBJC_ISA_USAGE = YES_ERROR;
				CLANG_WARN_EMPTY_BODY = YES;
				CLANG_WARN_ENUM_CONVERSION = YES;
				CLANG_WARN_INT_CONVERSION = YES;
				CLANG_WARN_OBJC_ROOT_CLASS = YES_ERROR;
				CLANG_WARN__DUPLICATE_METHOD_MATCH = YES;
				"CODE_SIGN_IDENTITY[sdk=iphoneos*]" = "iPhone Developer";
				COPY_PHASE_STRIP = YES;
				ENABLE_NS_ASSERTIONS = NO;
				GCC_C_LANGUAGE_STANDARD = gnu99;
				GCC_WARN_64_TO_32_BIT_CONVERSION = YES;
				GCC_WARN_ABOUT_RETURN_TYPE = YES_ERROR;
				GCC_WARN_UNDECLARED_SELECTOR = YES;
				GCC_WARN_UNINITIALIZED_AUTOS = YES;
				GCC_WARN_UNUSED_FUNCTION = YES;
				GCC_WARN_UNUSED_VARIABLE = YES;
				IPHONEOS_DEPLOYMENT_TARGET = 7.0;
				SDKROOT = iphoneos;
				TARGETED_DEVICE_FAMILY = "1,2";
				VALIDATE_PRODUCT = YES;
			};
			name = Release;
		};
		30BEA788184559FF001D2998 /* Debug */ = {
			isa = XCBuildConfiguration;
			buildSettings = {
				ASSETCATALOG_COMPILER_APPICON_NAME = AppIcon;
				ASSETCATALOG_COMPILER_LAUNCHIMAGE_NAME = LaunchImage;
				GCC_PRECOMPILE_PREFIX_HEADER = YES;
				GCC_PREFIX_HEADER = "BeatWords/BeatWords-Prefix.pch";
				INFOPLIST_FILE = "BeatWords/BeatWords-Info.plist";
				PRODUCT_NAME = "$(TARGET_NAME)";
				WRAPPER_EXTENSION = app;
			};
			name = Debug;
		};
		30BEA789184559FF001D2998 /* Release */ = {
			isa = XCBuildConfiguration;
			buildSettings = {
				ASSETCATALOG_COMPILER_APPICON_NAME = AppIcon;
				ASSETCATALOG_COMPILER_LAUNCHIMAGE_NAME = LaunchImage;
				GCC_PRECOMPILE_PREFIX_HEADER = YES;
				GCC_PREFIX_HEADER = "BeatWords/BeatWords-Prefix.pch";
				INFOPLIST_FILE = "BeatWords/BeatWords-Info.plist";
				PRODUCT_NAME = "$(TARGET_NAME)";
				WRAPPER_EXTENSION = app;
			};
			name = Release;
		};
		30BEA78B184559FF001D2998 /* Debug */ = {
			isa = XCBuildConfiguration;
			buildSettings = {
				ARCHS = "$(ARCHS_STANDARD_INCLUDING_64_BIT)";
				BUNDLE_LOADER = "$(BUILT_PRODUCTS_DIR)/BeatWords.app/BeatWords";
				FRAMEWORK_SEARCH_PATHS = (
					"$(SDKROOT)/Developer/Library/Frameworks",
					"$(inherited)",
					"$(DEVELOPER_FRAMEWORKS_DIR)",
				);
				GCC_PRECOMPILE_PREFIX_HEADER = YES;
				GCC_PREFIX_HEADER = "BeatWords/BeatWords-Prefix.pch";
				GCC_PREPROCESSOR_DEFINITIONS = (
					"DEBUG=1",
					"$(inherited)",
				);
				INFOPLIST_FILE = "BeatWordsTests/BeatWordsTests-Info.plist";
				PRODUCT_NAME = "$(TARGET_NAME)";
				TEST_HOST = "$(BUNDLE_LOADER)";
				WRAPPER_EXTENSION = xctest;
			};
			name = Debug;
		};
		30BEA78C184559FF001D2998 /* Release */ = {
			isa = XCBuildConfiguration;
			buildSettings = {
				ARCHS = "$(ARCHS_STANDARD_INCLUDING_64_BIT)";
				BUNDLE_LOADER = "$(BUILT_PRODUCTS_DIR)/BeatWords.app/BeatWords";
				FRAMEWORK_SEARCH_PATHS = (
					"$(SDKROOT)/Developer/Library/Frameworks",
					"$(inherited)",
					"$(DEVELOPER_FRAMEWORKS_DIR)",
				);
				GCC_PRECOMPILE_PREFIX_HEADER = YES;
				GCC_PREFIX_HEADER = "BeatWords/BeatWords-Prefix.pch";
				INFOPLIST_FILE = "BeatWordsTests/BeatWordsTests-Info.plist";
				PRODUCT_NAME = "$(TARGET_NAME)";
				TEST_HOST = "$(BUNDLE_LOADER)";
				WRAPPER_EXTENSION = xctest;
			};
			name = Release;
		};
/* End XCBuildConfiguration section */

/* Begin XCConfigurationList section */
		30BEA756184559FF001D2998 /* Build configuration list for PBXProject "BeatWords" */ = {
			isa = XCConfigurationList;
			buildConfigurations = (
				30BEA785184559FF001D2998 /* Debug */,
				30BEA786184559FF001D2998 /* Release */,
			);
			defaultConfigurationIsVisible = 0;
			defaultConfigurationName = Release;
		};
		30BEA787184559FF001D2998 /* Build configuration list for PBXNativeTarget "BeatWords" */ = {
			isa = XCConfigurationList;
			buildConfigurations = (
				30BEA788184559FF001D2998 /* Debug */,
				30BEA789184559FF001D2998 /* Release */,
			);
			defaultConfigurationIsVisible = 0;
			defaultConfigurationName = Release;
		};
		30BEA78A184559FF001D2998 /* Build configuration list for PBXNativeTarget "BeatWordsTests" */ = {
			isa = XCConfigurationList;
			buildConfigurations = (
				30BEA78B184559FF001D2998 /* Debug */,
				30BEA78C184559FF001D2998 /* Release */,
			);
			defaultConfigurationIsVisible = 0;
			defaultConfigurationName = Release;
		};
/* End XCConfigurationList section */
	};
	rootObject = 30BEA753184559FF001D2998 /* Project object */;
}
